
Microsoft Visual Studio Solution File, Format Version 12.00
# Visual Studio Version 17
VisualStudioVersion = 17.3.32825.248
MinimumVisualStudioVersion = 10.0.40219.1
Project("{FAE04EC0-301F-11D3-BF4B-00C04F79EFBC}") = "BookLibrary", "BookLibrary\BookLibrary.csproj", "{FA3A16AD-9AC7-4822-8B57-E83669DDE301}"
EndProject
Project("{FAE04EC0-301F-11D3-BF4B-00C04F79EFBC}") = "BookTesting", "BookTesting\BookTesting.csproj", "{B38F0CC4-9C53-4488-A7DE-B1A2678C758A}"
EndProject
Global
	GlobalSection(SolutionConfigurationPlatforms) = preSolution
		Debug|Any CPU = Debug|Any CPU
		Release|Any CPU = Release|Any CPU
	EndGlobalSection
	GlobalSection(ProjectConfigurationPlatforms) = postSolution
		{FA3A16AD-9AC7-4822-8B57-E83669DDE301}.Debug|Any CPU.ActiveCfg = Debug|Any CPU
		{FA3A16AD-9AC7-4822-8B57-E83669DDE301}.Debug|Any CPU.Build.0 = Debug|Any CPU
		{FA3A16AD-9AC7-4822-8B57-E83669DDE301}.Release|Any CPU.ActiveCfg = Release|Any CPU
		{FA3A16AD-9AC7-4822-8B57-E83669DDE301}.Release|Any CPU.Build.0 = Release|Any CPU
		{B38F0CC4-9C53-4488-A7DE-B1A2678C758A}.Debug|Any CPU.ActiveCfg = Debug|Any CPU
		{B38F0CC4-9C53-4488-A7DE-B1A2678C758A}.Debug|Any CPU.Build.0 = Debug|Any CPU
		{B38F0CC4-9C53-4488-A7DE-B1A2678C758A}.Release|Any CPU.ActiveCfg = Release|Any CPU
		{B38F0CC4-9C53-4488-A7DE-B1A2678C758A}.Release|Any CPU.Build.0 = Release|Any CPU
	EndGlobalSection
	GlobalSection(SolutionProperties) = preSolution
		HideSolutionNode = FALSE
	EndGlobalSection
	GlobalSection(ExtensibilityGlobals) = postSolution
		SolutionGuid = {BA4B4672-A884-47C5-ABC3-B8F4822DD1ED}
	EndGlobalSection
EndGlobal
